
Microsoft Visual Studio Solution File, Format Version 12.00
Project("{FAE04EC0-301F-11D3-BF4B-00C04F79EFBC}") = "FinanceTrackerAPI", "FinanceTrackerAPI\FinanceTrackerAPI.csproj", "{971CC96E-E1B1-4216-8073-CBAEB22540DD}"
EndProject
Project("{FAE04EC0-301F-11D3-BF4B-00C04F79EFBC}") = "FinanceTrackerAPI.Tests", "FinanceTrackerAPI.Tests\FinanceTrackerAPI.Tests.csproj", "{D89AD869-C7CF-4465-A95C-74F7198E8C85}"
EndProject
Global
	GlobalSection(SolutionConfigurationPlatforms) = preSolution
		Debug|Any CPU = Debug|Any CPU
		Release|Any CPU = Release|Any CPU
	EndGlobalSection
	GlobalSection(ProjectConfigurationPlatforms) = postSolution
		{971CC96E-E1B1-4216-8073-CBAEB22540DD}.Debug|Any CPU.ActiveCfg = Debug|Any CPU
		{971CC96E-E1B1-4216-8073-CBAEB22540DD}.Debug|Any CPU.Build.0 = Debug|Any CPU
		{971CC96E-E1B1-4216-8073-CBAEB22540DD}.Release|Any CPU.ActiveCfg = Release|Any CPU
		{971CC96E-E1B1-4216-8073-CBAEB22540DD}.Release|Any CPU.Build.0 = Release|Any CPU
		{D89AD869-C7CF-4465-A95C-74F7198E8C85}.Debug|Any CPU.ActiveCfg = Debug|Any CPU
		{D89AD869-C7CF-4465-A95C-74F7198E8C85}.Debug|Any CPU.Build.0 = Debug|Any CPU
		{D89AD869-C7CF-4465-A95C-74F7198E8C85}.Release|Any CPU.ActiveCfg = Release|Any CPU
		{D89AD869-C7CF-4465-A95C-74F7198E8C85}.Release|Any CPU.Build.0 = Release|Any CPU
	EndGlobalSection
EndGlobal
